// !$*UTF8*$!
{
	archiveVersion = 1;
	classes = {
	};
	objectVersion = 46;
	objects = {

/* Begin PBXBuildFile section */
		1D326C4119BE68A500A82942 /* Main.storyboard in Resources */ = {isa = PBXBuildFile; fileRef = 1D326C4019BE68A500A82942 /* Main.storyboard */; };
		1D8B342419BE625A00E90138 /* AppDelegate.swift in Sources */ = {isa = PBXBuildFile; fileRef = 1D8B342319BE625A00E90138 /* AppDelegate.swift */; };
		1D8B342619BE625A00E90138 /* ViewController.swift in Sources */ = {isa = PBXBuildFile; fileRef = 1D8B342519BE625A00E90138 /* ViewController.swift */; };
		1D8B342B19BE625A00E90138 /* Images.xcassets in Resources */ = {isa = PBXBuildFile; fileRef = 1D8B342A19BE625A00E90138 /* Images.xcassets */; };
		1D8B343719BE625A00E90138 /* First_ProjectTests.swift in Sources */ = {isa = PBXBuildFile; fileRef = 1D8B343619BE625A00E90138 /* First_ProjectTests.swift */; };
/* End PBXBuildFile section */

/* Begin PBXContainerItemProxy section */
		1D8B343119BE625A00E90138 /* PBXContainerItemProxy */ = {
			isa = PBXContainerItemProxy;
			containerPortal = 1D8B341619BE625A00E90138 /* Project object */;
			proxyType = 1;
			remoteGlobalIDString = 1D8B341D19BE625A00E90138;
			remoteInfo = "First-Project";
		};
/* End PBXContainerItemProxy section */

/* Begin PBXFileReference section */
		1D326C4019BE68A500A82942 /* Main.storyboard */ = {isa = PBXFileReference; fileEncoding = 4; lastKnownFileType = file.storyboard; name = Main.storyboard; path = ../Main.storyboard; sourceTree = "<group>"; };
		1D8B341E19BE625A00E90138 /* First-Project.app */ = {isa = PBXFileReference; explicitFileType = wrapper.application; includeInIndex = 0; path = "First-Project.app"; sourceTree = BUILT_PRODUCTS_DIR; };
		1D8B342219BE625A00E90138 /* Info.plist */ = {isa = PBXFileReference; lastKnownFileType = text.plist.xml; path = Info.plist; sourceTree = "<group>"; };
		1D8B342319BE625A00E90138 /* AppDelegate.swift */ = {isa = PBXFileReference; lastKnownFileType = sourcecode.swift; path = AppDelegate.swift; sourceTree = "<group>"; };
		1D8B342519BE625A00E90138 /* ViewController.swift */ = {isa = PBXFileReference; lastKnownFileType = sourcecode.swift; path = ViewController.swift; sourceTree = "<group>"; };
		1D8B342A19BE625A00E90138 /* Images.xcassets */ = {isa = PBXFileReference; lastKnownFileType = folder.assetcatalog; path = Images.xcassets; sourceTree = "<group>"; };
		1D8B343019BE625A00E90138 /* First-ProjectTests.xctest */ = {isa = PBXFileReference; explicitFileType = wrapper.cfbundle; includeInIndex = 0; path = "First-ProjectTests.xctest"; sourceTree = BUILT_PRODUCTS_DIR; };
		1D8B343519BE625A00E90138 /* Info.plist */ = {isa = PBXFileReference; lastKnownFileType = text.plist.xml; path = Info.plist; sourceTree = "<group>"; };
		1D8B343619BE625A00E90138 /* First_ProjectTests.swift */ = {isa = PBXFileReference; lastKnownFileType = sourcecode.swift; path = First_ProjectTests.swift; sourceTree = "<group>"; };
/* End PBXFileReference section */

/* Begin PBXFrameworksBuildPhase section */
		1D8B341B19BE625A00E90138 /* Frameworks */ = {
			isa = PBXFrameworksBuildPhase;
			buildActionMask = 2147483647;
			files = (
			);
			runOnlyForDeploymentPostprocessing = 0;
		};
		1D8B342D19BE625A00E90138 /* Frameworks */ = {
			isa = PBXFrameworksBuildPhase;
			buildActionMask = 2147483647;
			files = (
			);
			runOnlyForDeploymentPostprocessing = 0;
		};
/* End PBXFrameworksBuildPhase section */

/* Begin PBXGroup section */
		1D8B341519BE625A00E90138 = {
			isa = PBXGroup;
			children = (
				1D8B342019BE625A00E90138 /* First-Project */,
				1D8B343319BE625A00E90138 /* First-ProjectTests */,
				1D8B341F19BE625A00E90138 /* Products */,
			);
			sourceTree = "<group>";
		};
		1D8B341F19BE625A00E90138 /* Products */ = {
			isa = PBXGroup;
			children = (
				1D8B341E19BE625A00E90138 /* First-Project.app */,
				1D8B343019BE625A00E90138 /* First-ProjectTests.xctest */,
			);
			name = Products;
			sourceTree = "<group>";
		};
		1D8B342019BE625A00E90138 /* First-Project */ = {
			isa = PBXGroup;
			children = (
				1D8B342319BE625A00E90138 /* AppDelegate.swift */,
				1D326C4019BE68A500A82942 /* Main.storyboard */,
				1D8B342519BE625A00E90138 /* ViewController.swift */,
				1D8B342A19BE625A00E90138 /* Images.xcassets */,
				1D8B342119BE625A00E90138 /* Supporting Files */,
			);
			path = "First-Project";
			sourceTree = "<group>";
		};
		1D8B342119BE625A00E90138 /* Supporting Files */ = {
			isa = PBXGroup;
			children = (
				1D8B342219BE625A00E90138 /* Info.plist */,
			);
			name = "Supporting Files";
			sourceTree = "<group>";
		};
		1D8B343319BE625A00E90138 /* First-ProjectTests */ = {
			isa = PBXGroup;
			children = (
				1D8B343619BE625A00E90138 /* First_ProjectTests.swift */,
				1D8B343419BE625A00E90138 /* Supporting Files */,
			);
			path = "First-ProjectTests";
			sourceTree = "<group>";
		};
		1D8B343419BE625A00E90138 /* Supporting Files */ = {
			isa = PBXGroup;
			children = (
				1D8B343519BE625A00E90138 /* Info.plist */,
			);
			name = "Supporting Files";
			sourceTree = "<group>";
		};
/* End PBXGroup section */

/* Begin PBXNativeTarget section */
		1D8B341D19BE625A00E90138 /* First-Project */ = {
			isa = PBXNativeTarget;
			buildConfigurationList = 1D8B343A19BE625A00E90138 /* Build configuration list for PBXNativeTarget "First-Project" */;
			buildPhases = (
				1D8B341A19BE625A00E90138 /* Sources */,
				1D8B341B19BE625A00E90138 /* Frameworks */,
				1D8B341C19BE625A00E90138 /* Resources */,
			);
			buildRules = (
			);
			dependencies = (
			);
			name = "First-Project";
			productName = "First-Project";
			productReference = 1D8B341E19BE625A00E90138 /* First-Project.app */;
			productType = "com.apple.product-type.application";
		};
		1D8B342F19BE625A00E90138 /* First-ProjectTests */ = {
			isa = PBXNativeTarget;
			buildConfigurationList = 1D8B343D19BE625A00E90138 /* Build configuration list for PBXNativeTarget "First-ProjectTests" */;
			buildPhases = (
				1D8B342C19BE625A00E90138 /* Sources */,
				1D8B342D19BE625A00E90138 /* Frameworks */,
				1D8B342E19BE625A00E90138 /* Resources */,
			);
			buildRules = (
			);
			dependencies = (
				1D8B343219BE625A00E90138 /* PBXTargetDependency */,
			);
			name = "First-ProjectTests";
			productName = "First-ProjectTests";
			productReference = 1D8B343019BE625A00E90138 /* First-ProjectTests.xctest */;
			productType = "com.apple.product-type.bundle.unit-test";
		};
/* End PBXNativeTarget section */

/* Begin PBXProject section */
		1D8B341619BE625A00E90138 /* Project object */ = {
			isa = PBXProject;
			attributes = {
				LastUpgradeCheck = 0600;
				ORGANIZATIONNAME = Thinkful;
				TargetAttributes = {
					1D8B341D19BE625A00E90138 = {
						CreatedOnToolsVersion = 6.0;
					};
					1D8B342F19BE625A00E90138 = {
						CreatedOnToolsVersion = 6.0;
						TestTargetID = 1D8B341D19BE625A00E90138;
					};
				};
			};
			buildConfigurationList = 1D8B341919BE625A00E90138 /* Build configuration list for PBXProject "First-Project" */;
			compatibilityVersion = "Xcode 3.2";
			developmentRegion = English;
			hasScannedForEncodings = 0;
			knownRegions = (
				en,
				Base,
			);
			mainGroup = 1D8B341519BE625A00E90138;
			productRefGroup = 1D8B341F19BE625A00E90138 /* Products */;
			projectDirPath = "";
			projectRoot = "";
			targets = (
				1D8B341D19BE625A00E90138 /* First-Project */,
				1D8B342F19BE625A00E90138 /* First-ProjectTests */,
			);
		};
/* End PBXProject section */

/* Begin PBXResourcesBuildPhase section */
		1D8B341C19BE625A00E90138 /* Resources */ = {
			isa = PBXResourcesBuildPhase;
			buildActionMask = 2147483647;
			files = (
				1D8B342B19BE625A00E90138 /* Images.xcassets in Resources */,
				1D326C4119BE68A500A82942 /* Main.storyboard in Resources */,
			);
			runOnlyForDeploymentPostprocessing = 0;
		};
		1D8B342E19BE625A00E90138 /* Resources */ = {
			isa = PBXResourcesBuildPhase;
			buildActionMask = 2147483647;
			files = (
			);
			runOnlyForDeploymentPostprocessing = 0;
		};
/* End PBXResourcesBuildPhase section */

/* Begin PBXSourcesBuildPhase section */
		1D8B341A19BE625A00E90138 /* Sources */ = {
			isa = PBXSourcesBuildPhase;
			buildActionMask = 2147483647;
			files = (
				1D8B342619BE625A00E90138 /* ViewController.swift in Sources */,
				1D8B342419BE625A00E90138 /* AppDelegate.swift in Sources */,
			);
			runOnlyForDeploymentPostprocessing = 0;
		};
		1D8B342C19BE625A00E90138 /* Sources */ = {
			isa = PBXSourcesBuildPhase;
			buildActionMask = 2147483647;
			files = (
				1D8B343719BE625A00E90138 /* First_ProjectTests.swift in Sources */,
			);
			runOnlyForDeploymentPostprocessing = 0;
		};
/* End PBXSourcesBuildPhase section */

/* Begin PBXTargetDependency section */
		1D8B343219BE625A00E90138 /* PBXTargetDependency */ = {
			isa = PBXTargetDependency;
			target = 1D8B341D19BE625A00E90138 /* First-Project */;
			targetProxy = 1D8B343119BE625A00E90138 /* PBXContainerItemProxy */;
		};
/* End PBXTargetDependency section */

/* Begin XCBuildConfiguration section */
		1D8B343819BE625A00E90138 /* Debug */ = {
			isa = XCBuildConfiguration;
			buildSettings = {
				ALWAYS_SEARCH_USER_PATHS = NO;
				CLANG_CXX_LANGUAGE_STANDARD = "gnu++0x";
				CLANG_CXX_LIBRARY = "libc++";
				CLANG_ENABLE_MODULES = YES;
				CLANG_ENABLE_OBJC_ARC = YES;
				CLANG_WARN_BOOL_CONVERSION = YES;
				CLANG_WARN_CONSTANT_CONVERSION = YES;
				CLANG_WARN_DIRECT_OBJC_ISA_USAGE = YES_ERROR;
				CLANG_WARN_EMPTY_BODY = YES;
				CLANG_WARN_ENUM_CONVERSION = YES;
				CLANG_WARN_INT_CONVERSION = YES;
				CLANG_WARN_OBJC_ROOT_CLASS = YES_ERROR;
				CLANG_WARN_UNREACHABLE_CODE = YES;
				CLANG_WARN__DUPLICATE_METHOD_MATCH = YES;
				"CODE_SIGN_IDENTITY[sdk=iphoneos*]" = "iPhone Developer";
				COPY_PHASE_STRIP = NO;
				ENABLE_STRICT_OBJC_MSGSEND = YES;
				GCC_C_LANGUAGE_STANDARD = gnu99;
				GCC_DYNAMIC_NO_PIC = NO;
				GCC_OPTIMIZATION_LEVEL = 0;
				GCC_PREPROCESSOR_DEFINITIONS = (
					"DEBUG=1",
					"$(inherited)",
				);
				GCC_SYMBOLS_PRIVATE_EXTERN = NO;
				GCC_WARN_64_TO_32_BIT_CONVERSION = YES;
				GCC_WARN_ABOUT_RETURN_TYPE = YES_ERROR;
				GCC_WARN_UNDECLARED_SELECTOR = YES;
				GCC_WARN_UNINITIALIZED_AUTOS = YES_AGGRESSIVE;
				GCC_WARN_UNUSED_FUNCTION = YES;
				GCC_WARN_UNUSED_VARIABLE = YES;
				IPHONEOS_DEPLOYMENT_TARGET = 8.0;
				MTL_ENABLE_DEBUG_INFO = YES;
				ONLY_ACTIVE_ARCH = YES;
				SDKROOT = iphoneos;
				SWIFT_OPTIMIZATION_LEVEL = "-Onone";
			};
			name = Debug;
		};
		1D8B343919BE625A00E90138 /* Release */ = {
			isa = XCBuildConfiguration;
			buildSettings = {
				ALWAYS_SEARCH_USER_PATHS = NO;
				CLANG_CXX_LANGUAGE_STANDARD = "gnu++0x";
				CLANG_CXX_LIBRARY = "libc++";
				CLANG_ENABLE_MODULES = YES;
				CLANG_ENABLE_OBJC_ARC = YES;
				CLANG_WARN_BOOL_CONVERSION = YES;
				CLANG_WARN_CONSTANT_CONVERSION = YES;
				CLANG_WARN_DIRECT_OBJC_ISA_USAGE = YES_ERROR;
				CLANG_WARN_EMPTY_BODY = YES;
				CLANG_WARN_ENUM_CONVERSION = YES;
				CLANG_WARN_INT_CONVERSION = YES;
				CLANG_WARN_OBJC_ROOT_CLASS = YES_ERROR;
				CLANG_WARN_UNREACHABLE_CODE = YES;
				CLANG_WARN__DUPLICATE_METHOD_MATCH = YES;
				"CODE_SIGN_IDENTITY[sdk=iphoneos*]" = "iPhone Developer";
				COPY_PHASE_STRIP = YES;
				ENABLE_NS_ASSERTIONS = NO;
				ENABLE_STRICT_OBJC_MSGSEND = YES;
				GCC_C_LANGUAGE_STANDARD = gnu99;
				GCC_WARN_64_TO_32_BIT_CONVERSION = YES;
				GCC_WARN_ABOUT_RETURN_TYPE = YES_ERROR;
				GCC_WARN_UNDECLARED_SELECTOR = YES;
				GCC_WARN_UNINITIALIZED_AUTOS = YES_AGGRESSIVE;
				GCC_WARN_UNUSED_FUNCTION = YES;
				GCC_WARN_UNUSED_VARIABLE = YES;
				IPHONEOS_DEPLOYMENT_TARGET = 8.0;
				MTL_ENABLE_DEBUG_INFO = NO;
				SDKROOT = iphoneos;
				VALIDATE_PRODUCT = YES;
			};
			name = Release;
		};
		1D8B343B19BE625A00E90138 /* Debug */ = {
			isa = XCBuildConfiguration;
			buildSettings = {
				ASSETCATALOG_COMPILER_APPICON_NAME = AppIcon;
				ASSETCATALOG_COMPILER_LAUNCHIMAGE_NAME = LaunchImage;
				INFOPLIST_FILE = "First-Project/Info.plist";
				LD_RUNPATH_SEARCH_PATHS = "$(inherited) @executable_path/Frameworks";
				PRODUCT_NAME = "$(TARGET_NAME)";
			};
			name = Debug;
		};
		1D8B343C19BE625A00E90138 /* Release */ = {
			isa = XCBuildConfiguration;
			buildSettings = {
				ASSETCATALOG_COMPILER_APPICON_NAME = AppIcon;
				ASSETCATALOG_COMPILER_LAUNCHIMAGE_NAME = LaunchImage;
				INFOPLIST_FILE = "First-Project/Info.plist";
				LD_RUNPATH_SEARCH_PATHS = "$(inherited) @executable_path/Frameworks";
				PRODUCT_NAME = "$(TARGET_NAME)";
			};
			name = Release;
		};
		1D8B343E19BE625A00E90138 /* Debug */ = {
			isa = XCBuildConfiguration;
			buildSettings = {
				BUNDLE_LOADER = "$(TEST_HOST)";
				FRAMEWORK_SEARCH_PATHS = (
					"$(SDKROOT)/Developer/Library/Frameworks",
					"$(inherited)",
				);
				GCC_PREPROCESSOR_DEFINITIONS = (
					"DEBUG=1",
					"$(inherited)",
				);
				INFOPLIST_FILE = "First-ProjectTests/Info.plist";
				LD_RUNPATH_SEARCH_PATHS = "$(inherited) @executable_path/Frameworks @loader_path/Frameworks";
				PRODUCT_NAME = "$(TARGET_NAME)";
				TEST_HOST = "$(BUILT_PRODUCTS_DIR)/First-Project.app/First-Project";
			};
			name = Debug;
		};
		1D8B343F19BE625A00E90138 /* Release */ = {
			isa = XCBuildConfiguration;
			buildSettings = {
				BUNDLE_LOADER = "$(TEST_HOST)";
				FRAMEWORK_SEARCH_PATHS = (
					"$(SDKROOT)/Developer/Library/Frameworks",
					"$(inherited)",
				);
				INFOPLIST_FILE = "First-ProjectTests/Info.plist";
				LD_RUNPATH_SEARCH_PATHS = "$(inherited) @executable_path/Frameworks @loader_path/Frameworks";
				PRODUCT_NAME = "$(TARGET_NAME)";
				TEST_HOST = "$(BUILT_PRODUCTS_DIR)/First-Project.app/First-Project";
			};
			name = Release;
		};
/* End XCBuildConfiguration section */

/* Begin XCConfigurationList section */
		1D8B341919BE625A00E90138 /* Build configuration list for PBXProject "First-Project" */ = {
			isa = XCConfigurationList;
			buildConfigurations = (
				1D8B343819BE625A00E90138 /* Debug */,
				1D8B343919BE625A00E90138 /* Release */,
			);
			defaultConfigurationIsVisible = 0;
			defaultConfigurationName = Release;
		};
		1D8B343A19BE625A00E90138 /* Build configuration list for PBXNativeTarget "First-Project" */ = {
			isa = XCConfigurationList;
			buildConfigurations = (
				1D8B343B19BE625A00E90138 /* Debug */,
				1D8B343C19BE625A00E90138 /* Release */,
			);
			defaultConfigurationIsVisible = 0;
			defaultConfigurationName = Release;
		};
		1D8B343D19BE625A00E90138 /* Build configuration list for PBXNativeTarget "First-ProjectTests" */ = {
			isa = XCConfigurationList;
			buildConfigurations = (
				1D8B343E19BE625A00E90138 /* Debug */,
				1D8B343F19BE625A00E90138 /* Release */,
			);
			defaultConfigurationIsVisible = 0;
			defaultConfigurationName = Release;
		};
/* End XCConfigurationList section */
	};
	rootObject = 1D8B341619BE625A00E90138 /* Project object */;
}
