// !$*UTF8*$!
{
	archiveVersion = 1;
	classes = {
	};
	objectVersion = 46;
	objects = {

/* Begin PBXBuildFile section */
		1DEE94CF19BF6F5C0083D10F /* AppDelegate.swift in Sources */ = {isa = PBXBuildFile; fileRef = 1DEE94CE19BF6F5C0083D10F /* AppDelegate.swift */; };
		1DEE94D119BF6F5C0083D10F /* ViewController.swift in Sources */ = {isa = PBXBuildFile; fileRef = 1DEE94D019BF6F5C0083D10F /* ViewController.swift */; };
		1DEE94D419BF6F5C0083D10F /* Main.storyboard in Resources */ = {isa = PBXBuildFile; fileRef = 1DEE94D219BF6F5C0083D10F /* Main.storyboard */; };
		1DEE94D619BF6F5C0083D10F /* Images.xcassets in Resources */ = {isa = PBXBuildFile; fileRef = 1DEE94D519BF6F5C0083D10F /* Images.xcassets */; };
		1DEE94E219BF6F5C0083D10F /* Project_Lesson1_StoryboardsTests.swift in Sources */ = {isa = PBXBuildFile; fileRef = 1DEE94E119BF6F5C0083D10F /* Project_Lesson1_StoryboardsTests.swift */; };
/* End PBXBuildFile section */

/* Begin PBXContainerItemProxy section */
		1DEE94DC19BF6F5C0083D10F /* PBXContainerItemProxy */ = {
			isa = PBXContainerItemProxy;
			containerPortal = 1DEE94C119BF6F5C0083D10F /* Project object */;
			proxyType = 1;
			remoteGlobalIDString = 1DEE94C819BF6F5C0083D10F;
			remoteInfo = "Project-Lesson1-Storyboards";
		};
/* End PBXContainerItemProxy section */

/* Begin PBXFileReference section */
		1DEE94C919BF6F5C0083D10F /* Project-Lesson1-Storyboards.app */ = {isa = PBXFileReference; explicitFileType = wrapper.application; includeInIndex = 0; path = "Project-Lesson1-Storyboards.app"; sourceTree = BUILT_PRODUCTS_DIR; };
		1DEE94CD19BF6F5C0083D10F /* Info.plist */ = {isa = PBXFileReference; lastKnownFileType = text.plist.xml; path = Info.plist; sourceTree = "<group>"; };
		1DEE94CE19BF6F5C0083D10F /* AppDelegate.swift */ = {isa = PBXFileReference; lastKnownFileType = sourcecode.swift; path = AppDelegate.swift; sourceTree = "<group>"; };
		1DEE94D019BF6F5C0083D10F /* ViewController.swift */ = {isa = PBXFileReference; lastKnownFileType = sourcecode.swift; path = ViewController.swift; sourceTree = "<group>"; };
		1DEE94D319BF6F5C0083D10F /* Base */ = {isa = PBXFileReference; lastKnownFileType = file.storyboard; name = Base; path = Base.lproj/Main.storyboard; sourceTree = "<group>"; };
		1DEE94D519BF6F5C0083D10F /* Images.xcassets */ = {isa = PBXFileReference; lastKnownFileType = folder.assetcatalog; path = Images.xcassets; sourceTree = "<group>"; };
		1DEE94DB19BF6F5C0083D10F /* Project-Lesson1-StoryboardsTests.xctest */ = {isa = PBXFileReference; explicitFileType = wrapper.cfbundle; includeInIndex = 0; path = "Project-Lesson1-StoryboardsTests.xctest"; sourceTree = BUILT_PRODUCTS_DIR; };
		1DEE94E019BF6F5C0083D10F /* Info.plist */ = {isa = PBXFileReference; lastKnownFileType = text.plist.xml; path = Info.plist; sourceTree = "<group>"; };
		1DEE94E119BF6F5C0083D10F /* Project_Lesson1_StoryboardsTests.swift */ = {isa = PBXFileReference; lastKnownFileType = sourcecode.swift; path = Project_Lesson1_StoryboardsTests.swift; sourceTree = "<group>"; };
/* End PBXFileReference section */

/* Begin PBXFrameworksBuildPhase section */
		1DEE94C619BF6F5C0083D10F /* Frameworks */ = {
			isa = PBXFrameworksBuildPhase;
			buildActionMask = 2147483647;
			files = (
			);
			runOnlyForDeploymentPostprocessing = 0;
		};
		1DEE94D819BF6F5C0083D10F /* Frameworks */ = {
			isa = PBXFrameworksBuildPhase;
			buildActionMask = 2147483647;
			files = (
			);
			runOnlyForDeploymentPostprocessing = 0;
		};
/* End PBXFrameworksBuildPhase section */

/* Begin PBXGroup section */
		1DEE94C019BF6F5C0083D10F = {
			isa = PBXGroup;
			children = (
				1DEE94CB19BF6F5C0083D10F /* Project-Lesson1-Storyboards */,
				1DEE94DE19BF6F5C0083D10F /* Project-Lesson1-StoryboardsTests */,
				1DEE94CA19BF6F5C0083D10F /* Products */,
			);
			sourceTree = "<group>";
		};
		1DEE94CA19BF6F5C0083D10F /* Products */ = {
			isa = PBXGroup;
			children = (
				1DEE94C919BF6F5C0083D10F /* Project-Lesson1-Storyboards.app */,
				1DEE94DB19BF6F5C0083D10F /* Project-Lesson1-StoryboardsTests.xctest */,
			);
			name = Products;
			sourceTree = "<group>";
		};
		1DEE94CB19BF6F5C0083D10F /* Project-Lesson1-Storyboards */ = {
			isa = PBXGroup;
			children = (
				1DEE94CE19BF6F5C0083D10F /* AppDelegate.swift */,
				1DEE94D019BF6F5C0083D10F /* ViewController.swift */,
				1DEE94D219BF6F5C0083D10F /* Main.storyboard */,
				1DEE94D519BF6F5C0083D10F /* Images.xcassets */,
				1DEE94CC19BF6F5C0083D10F /* Supporting Files */,
			);
			path = "Project-Lesson1-Storyboards";
			sourceTree = "<group>";
		};
		1DEE94CC19BF6F5C0083D10F /* Supporting Files */ = {
			isa = PBXGroup;
			children = (
				1DEE94CD19BF6F5C0083D10F /* Info.plist */,
			);
			name = "Supporting Files";
			sourceTree = "<group>";
		};
		1DEE94DE19BF6F5C0083D10F /* Project-Lesson1-StoryboardsTests */ = {
			isa = PBXGroup;
			children = (
				1DEE94E119BF6F5C0083D10F /* Project_Lesson1_StoryboardsTests.swift */,
				1DEE94DF19BF6F5C0083D10F /* Supporting Files */,
			);
			path = "Project-Lesson1-StoryboardsTests";
			sourceTree = "<group>";
		};
		1DEE94DF19BF6F5C0083D10F /* Supporting Files */ = {
			isa = PBXGroup;
			children = (
				1DEE94E019BF6F5C0083D10F /* Info.plist */,
			);
			name = "Supporting Files";
			sourceTree = "<group>";
		};
/* End PBXGroup section */

/* Begin PBXNativeTarget section */
		1DEE94C819BF6F5C0083D10F /* Project-Lesson1-Storyboards */ = {
			isa = PBXNativeTarget;
			buildConfigurationList = 1DEE94E519BF6F5C0083D10F /* Build configuration list for PBXNativeTarget "Project-Lesson1-Storyboards" */;
			buildPhases = (
				1DEE94C519BF6F5C0083D10F /* Sources */,
				1DEE94C619BF6F5C0083D10F /* Frameworks */,
				1DEE94C719BF6F5C0083D10F /* Resources */,
			);
			buildRules = (
			);
			dependencies = (
			);
			name = "Project-Lesson1-Storyboards";
			productName = "Project-Lesson1-Storyboards";
			productReference = 1DEE94C919BF6F5C0083D10F /* Project-Lesson1-Storyboards.app */;
			productType = "com.apple.product-type.application";
		};
		1DEE94DA19BF6F5C0083D10F /* Project-Lesson1-StoryboardsTests */ = {
			isa = PBXNativeTarget;
			buildConfigurationList = 1DEE94E819BF6F5C0083D10F /* Build configuration list for PBXNativeTarget "Project-Lesson1-StoryboardsTests" */;
			buildPhases = (
				1DEE94D719BF6F5C0083D10F /* Sources */,
				1DEE94D819BF6F5C0083D10F /* Frameworks */,
				1DEE94D919BF6F5C0083D10F /* Resources */,
			);
			buildRules = (
			);
			dependencies = (
				1DEE94DD19BF6F5C0083D10F /* PBXTargetDependency */,
			);
			name = "Project-Lesson1-StoryboardsTests";
			productName = "Project-Lesson1-StoryboardsTests";
			productReference = 1DEE94DB19BF6F5C0083D10F /* Project-Lesson1-StoryboardsTests.xctest */;
			productType = "com.apple.product-type.bundle.unit-test";
		};
/* End PBXNativeTarget section */

/* Begin PBXProject section */
		1DEE94C119BF6F5C0083D10F /* Project object */ = {
			isa = PBXProject;
			attributes = {
				LastUpgradeCheck = 0600;
				ORGANIZATIONNAME = Thinkful;
				TargetAttributes = {
					1DEE94C819BF6F5C0083D10F = {
						CreatedOnToolsVersion = 6.0;
					};
					1DEE94DA19BF6F5C0083D10F = {
						CreatedOnToolsVersion = 6.0;
						TestTargetID = 1DEE94C819BF6F5C0083D10F;
					};
				};
			};
			buildConfigurationList = 1DEE94C419BF6F5C0083D10F /* Build configuration list for PBXProject "Project-Lesson1-Storyboards" */;
			compatibilityVersion = "Xcode 3.2";
			developmentRegion = English;
			hasScannedForEncodings = 0;
			knownRegions = (
				en,
				Base,
			);
			mainGroup = 1DEE94C019BF6F5C0083D10F;
			productRefGroup = 1DEE94CA19BF6F5C0083D10F /* Products */;
			projectDirPath = "";
			projectRoot = "";
			targets = (
				1DEE94C819BF6F5C0083D10F /* Project-Lesson1-Storyboards */,
				1DEE94DA19BF6F5C0083D10F /* Project-Lesson1-StoryboardsTests */,
			);
		};
/* End PBXProject section */

/* Begin PBXResourcesBuildPhase section */
		1DEE94C719BF6F5C0083D10F /* Resources */ = {
			isa = PBXResourcesBuildPhase;
			buildActionMask = 2147483647;
			files = (
				1DEE94D419BF6F5C0083D10F /* Main.storyboard in Resources */,
				1DEE94D619BF6F5C0083D10F /* Images.xcassets in Resources */,
			);
			runOnlyForDeploymentPostprocessing = 0;
		};
		1DEE94D919BF6F5C0083D10F /* Resources */ = {
			isa = PBXResourcesBuildPhase;
			buildActionMask = 2147483647;
			files = (
			);
			runOnlyForDeploymentPostprocessing = 0;
		};
/* End PBXResourcesBuildPhase section */

/* Begin PBXSourcesBuildPhase section */
		1DEE94C519BF6F5C0083D10F /* Sources */ = {
			isa = PBXSourcesBuildPhase;
			buildActionMask = 2147483647;
			files = (
				1DEE94D119BF6F5C0083D10F /* ViewController.swift in Sources */,
				1DEE94CF19BF6F5C0083D10F /* AppDelegate.swift in Sources */,
			);
			runOnlyForDeploymentPostprocessing = 0;
		};
		1DEE94D719BF6F5C0083D10F /* Sources */ = {
			isa = PBXSourcesBuildPhase;
			buildActionMask = 2147483647;
			files = (
				1DEE94E219BF6F5C0083D10F /* Project_Lesson1_StoryboardsTests.swift in Sources */,
			);
			runOnlyForDeploymentPostprocessing = 0;
		};
/* End PBXSourcesBuildPhase section */

/* Begin PBXTargetDependency section */
		1DEE94DD19BF6F5C0083D10F /* PBXTargetDependency */ = {
			isa = PBXTargetDependency;
			target = 1DEE94C819BF6F5C0083D10F /* Project-Lesson1-Storyboards */;
			targetProxy = 1DEE94DC19BF6F5C0083D10F /* PBXContainerItemProxy */;
		};
/* End PBXTargetDependency section */

/* Begin PBXVariantGroup section */
		1DEE94D219BF6F5C0083D10F /* Main.storyboard */ = {
			isa = PBXVariantGroup;
			children = (
				1DEE94D319BF6F5C0083D10F /* Base */,
			);
			name = Main.storyboard;
			sourceTree = "<group>";
		};
/* End PBXVariantGroup section */

/* Begin XCBuildConfiguration section */
		1DEE94E319BF6F5C0083D10F /* Debug */ = {
			isa = XCBuildConfiguration;
			buildSettings = {
				ALWAYS_SEARCH_USER_PATHS = NO;
				CLANG_CXX_LANGUAGE_STANDARD = "gnu++0x";
				CLANG_CXX_LIBRARY = "libc++";
				CLANG_ENABLE_MODULES = YES;
				CLANG_ENABLE_OBJC_ARC = YES;
				CLANG_WARN_BOOL_CONVERSION = YES;
				CLANG_WARN_CONSTANT_CONVERSION = YES;
				CLANG_WARN_DIRECT_OBJC_ISA_USAGE = YES_ERROR;
				CLANG_WARN_EMPTY_BODY = YES;
				CLANG_WARN_ENUM_CONVERSION = YES;
				CLANG_WARN_INT_CONVERSION = YES;
				CLANG_WARN_OBJC_ROOT_CLASS = YES_ERROR;
				CLANG_WARN_UNREACHABLE_CODE = YES;
				CLANG_WARN__DUPLICATE_METHOD_MATCH = YES;
				"CODE_SIGN_IDENTITY[sdk=iphoneos*]" = "iPhone Developer";
				COPY_PHASE_STRIP = NO;
				ENABLE_STRICT_OBJC_MSGSEND = YES;
				GCC_C_LANGUAGE_STANDARD = gnu99;
				GCC_DYNAMIC_NO_PIC = NO;
				GCC_OPTIMIZATION_LEVEL = 0;
				GCC_PREPROCESSOR_DEFINITIONS = (
					"DEBUG=1",
					"$(inherited)",
				);
				GCC_SYMBOLS_PRIVATE_EXTERN = NO;
				GCC_WARN_64_TO_32_BIT_CONVERSION = YES;
				GCC_WARN_ABOUT_RETURN_TYPE = YES_ERROR;
				GCC_WARN_UNDECLARED_SELECTOR = YES;
				GCC_WARN_UNINITIALIZED_AUTOS = YES_AGGRESSIVE;
				GCC_WARN_UNUSED_FUNCTION = YES;
				GCC_WARN_UNUSED_VARIABLE = YES;
				IPHONEOS_DEPLOYMENT_TARGET = 8.0;
				MTL_ENABLE_DEBUG_INFO = YES;
				ONLY_ACTIVE_ARCH = YES;
				SDKROOT = iphoneos;
				SWIFT_OPTIMIZATION_LEVEL = "-Onone";
			};
			name = Debug;
		};
		1DEE94E419BF6F5C0083D10F /* Release */ = {
			isa = XCBuildConfiguration;
			buildSettings = {
				ALWAYS_SEARCH_USER_PATHS = NO;
				CLANG_CXX_LANGUAGE_STANDARD = "gnu++0x";
				CLANG_CXX_LIBRARY = "libc++";
				CLANG_ENABLE_MODULES = YES;
				CLANG_ENABLE_OBJC_ARC = YES;
				CLANG_WARN_BOOL_CONVERSION = YES;
				CLANG_WARN_CONSTANT_CONVERSION = YES;
				CLANG_WARN_DIRECT_OBJC_ISA_USAGE = YES_ERROR;
				CLANG_WARN_EMPTY_BODY = YES;
				CLANG_WARN_ENUM_CONVERSION = YES;
				CLANG_WARN_INT_CONVERSION = YES;
				CLANG_WARN_OBJC_ROOT_CLASS = YES_ERROR;
				CLANG_WARN_UNREACHABLE_CODE = YES;
				CLANG_WARN__DUPLICATE_METHOD_MATCH = YES;
				"CODE_SIGN_IDENTITY[sdk=iphoneos*]" = "iPhone Developer";
				COPY_PHASE_STRIP = YES;
				ENABLE_NS_ASSERTIONS = NO;
				ENABLE_STRICT_OBJC_MSGSEND = YES;
				GCC_C_LANGUAGE_STANDARD = gnu99;
				GCC_WARN_64_TO_32_BIT_CONVERSION = YES;
				GCC_WARN_ABOUT_RETURN_TYPE = YES_ERROR;
				GCC_WARN_UNDECLARED_SELECTOR = YES;
				GCC_WARN_UNINITIALIZED_AUTOS = YES_AGGRESSIVE;
				GCC_WARN_UNUSED_FUNCTION = YES;
				GCC_WARN_UNUSED_VARIABLE = YES;
				IPHONEOS_DEPLOYMENT_TARGET = 8.0;
				MTL_ENABLE_DEBUG_INFO = NO;
				SDKROOT = iphoneos;
				VALIDATE_PRODUCT = YES;
			};
			name = Release;
		};
		1DEE94E619BF6F5C0083D10F /* Debug */ = {
			isa = XCBuildConfiguration;
			buildSettings = {
				ASSETCATALOG_COMPILER_APPICON_NAME = AppIcon;
				ASSETCATALOG_COMPILER_LAUNCHIMAGE_NAME = LaunchImage;
				INFOPLIST_FILE = "Project-Lesson1-Storyboards/Info.plist";
				LD_RUNPATH_SEARCH_PATHS = "$(inherited) @executable_path/Frameworks";
				PRODUCT_NAME = "$(TARGET_NAME)";
			};
			name = Debug;
		};
		1DEE94E719BF6F5C0083D10F /* Release */ = {
			isa = XCBuildConfiguration;
			buildSettings = {
				ASSETCATALOG_COMPILER_APPICON_NAME = AppIcon;
				ASSETCATALOG_COMPILER_LAUNCHIMAGE_NAME = LaunchImage;
				INFOPLIST_FILE = "Project-Lesson1-Storyboards/Info.plist";
				LD_RUNPATH_SEARCH_PATHS = "$(inherited) @executable_path/Frameworks";
				PRODUCT_NAME = "$(TARGET_NAME)";
			};
			name = Release;
		};
		1DEE94E919BF6F5C0083D10F /* Debug */ = {
			isa = XCBuildConfiguration;
			buildSettings = {
				BUNDLE_LOADER = "$(TEST_HOST)";
				FRAMEWORK_SEARCH_PATHS = (
					"$(SDKROOT)/Developer/Library/Frameworks",
					"$(inherited)",
				);
				GCC_PREPROCESSOR_DEFINITIONS = (
					"DEBUG=1",
					"$(inherited)",
				);
				INFOPLIST_FILE = "Project-Lesson1-StoryboardsTests/Info.plist";
				LD_RUNPATH_SEARCH_PATHS = "$(inherited) @executable_path/Frameworks @loader_path/Frameworks";
				PRODUCT_NAME = "$(TARGET_NAME)";
				TEST_HOST = "$(BUILT_PRODUCTS_DIR)/Project-Lesson1-Storyboards.app/Project-Lesson1-Storyboards";
			};
			name = Debug;
		};
		1DEE94EA19BF6F5C0083D10F /* Release */ = {
			isa = XCBuildConfiguration;
			buildSettings = {
				BUNDLE_LOADER = "$(TEST_HOST)";
				FRAMEWORK_SEARCH_PATHS = (
					"$(SDKROOT)/Developer/Library/Frameworks",
					"$(inherited)",
				);
				INFOPLIST_FILE = "Project-Lesson1-StoryboardsTests/Info.plist";
				LD_RUNPATH_SEARCH_PATHS = "$(inherited) @executable_path/Frameworks @loader_path/Frameworks";
				PRODUCT_NAME = "$(TARGET_NAME)";
				TEST_HOST = "$(BUILT_PRODUCTS_DIR)/Project-Lesson1-Storyboards.app/Project-Lesson1-Storyboards";
			};
			name = Release;
		};
/* End XCBuildConfiguration section */

/* Begin XCConfigurationList section */
		1DEE94C419BF6F5C0083D10F /* Build configuration list for PBXProject "Project-Lesson1-Storyboards" */ = {
			isa = XCConfigurationList;
			buildConfigurations = (
				1DEE94E319BF6F5C0083D10F /* Debug */,
				1DEE94E419BF6F5C0083D10F /* Release */,
			);
			defaultConfigurationIsVisible = 0;
			defaultConfigurationName = Release;
		};
		1DEE94E519BF6F5C0083D10F /* Build configuration list for PBXNativeTarget "Project-Lesson1-Storyboards" */ = {
			isa = XCConfigurationList;
			buildConfigurations = (
				1DEE94E619BF6F5C0083D10F /* Debug */,
				1DEE94E719BF6F5C0083D10F /* Release */,
			);
			defaultConfigurationIsVisible = 0;
		};
		1DEE94E819BF6F5C0083D10F /* Build configuration list for PBXNativeTarget "Project-Lesson1-StoryboardsTests" */ = {
			isa = XCConfigurationList;
			buildConfigurations = (
				1DEE94E919BF6F5C0083D10F /* Debug */,
				1DEE94EA19BF6F5C0083D10F /* Release */,
			);
			defaultConfigurationIsVisible = 0;
		};
/* End XCConfigurationList section */
	};
	rootObject = 1DEE94C119BF6F5C0083D10F /* Project object */;
}
